// !$*UTF8*$!
{
	archiveVersion = 1;
	classes = {
	};
	objectVersion = 46;
	objects = {

/* Begin PBXBuildFile section */
		F89EF9651D52E038009F7771 /* AppDelegate.swift in Sources */ = {isa = PBXBuildFile; fileRef = F89EF9641D52E038009F7771 /* AppDelegate.swift */; };
		F89EF9671D52E038009F7771 /* ViewController.swift in Sources */ = {isa = PBXBuildFile; fileRef = F89EF9661D52E038009F7771 /* ViewController.swift */; };
		F89EF96A1D52E038009F7771 /* Main.storyboard in Resources */ = {isa = PBXBuildFile; fileRef = F89EF9681D52E038009F7771 /* Main.storyboard */; };
		F89EF96C1D52E038009F7771 /* Assets.xcassets in Resources */ = {isa = PBXBuildFile; fileRef = F89EF96B1D52E038009F7771 /* Assets.xcassets */; };
		F89EF96F1D52E038009F7771 /* LaunchScreen.storyboard in Resources */ = {isa = PBXBuildFile; fileRef = F89EF96D1D52E038009F7771 /* LaunchScreen.storyboard */; };
/* End PBXBuildFile section */

/* Begin PBXFileReference section */
		F89EF9611D52E038009F7771 /* ScrollViewBug.app */ = {isa = PBXFileReference; explicitFileType = wrapper.application; includeInIndex = 0; path = ScrollViewBug.app; sourceTree = BUILT_PRODUCTS_DIR; };
		F89EF9641D52E038009F7771 /* AppDelegate.swift */ = {isa = PBXFileReference; lastKnownFileType = sourcecode.swift; path = AppDelegate.swift; sourceTree = "<group>"; };
		F89EF9661D52E038009F7771 /* ViewController.swift */ = {isa = PBXFileReference; lastKnownFileType = sourcecode.swift; path = ViewController.swift; sourceTree = "<group>"; };
		F89EF9691D52E038009F7771 /* Base */ = {isa = PBXFileReference; lastKnownFileType = file.storyboard; name = Base; path = Base.lproj/Main.storyboard; sourceTree = "<group>"; };
		F89EF96B1D52E038009F7771 /* Assets.xcassets */ = {isa = PBXFileReference; lastKnownFileType = folder.assetcatalog; path = Assets.xcassets; sourceTree = "<group>"; };
		F89EF96E1D52E038009F7771 /* Base */ = {isa = PBXFileReference; lastKnownFileType = file.storyboard; name = Base; path = Base.lproj/LaunchScreen.storyboard; sourceTree = "<group>"; };
		F89EF9701D52E038009F7771 /* Info.plist */ = {isa = PBXFileReference; lastKnownFileType = text.plist.xml; path = Info.plist; sourceTree = "<group>"; };
		F89EF9761D52E097009F7771 /* Montserrat-Regular.otf */ = {isa = PBXFileReference; lastKnownFileType = file; path = "Montserrat-Regular.otf"; sourceTree = "<group>"; };
/* End PBXFileReference section */

/* Begin PBXFrameworksBuildPhase section */
		F89EF95E1D52E038009F7771 /* Frameworks */ = {
			isa = PBXFrameworksBuildPhase;
			buildActionMask = 2147483647;
			files = (
			);
			runOnlyForDeploymentPostprocessing = 0;
		};
/* End PBXFrameworksBuildPhase section */

/* Begin PBXGroup section */
		F89EF9581D52E038009F7771 = {
			isa = PBXGroup;
			children = (
				F89EF9631D52E038009F7771 /* ScrollViewBug */,
				F89EF9621D52E038009F7771 /* Products */,
			);
			sourceTree = "<group>";
		};
		F89EF9621D52E038009F7771 /* Products */ = {
			isa = PBXGroup;
			children = (
				F89EF9611D52E038009F7771 /* ScrollViewBug.app */,
			);
			name = Products;
			sourceTree = "<group>";
		};
		F89EF9631D52E038009F7771 /* ScrollViewBug */ = {
			isa = PBXGroup;
			children = (
				F89EF9641D52E038009F7771 /* AppDelegate.swift */,
				F89EF9661D52E038009F7771 /* ViewController.swift */,
				F89EF9681D52E038009F7771 /* Main.storyboard */,
				F89EF96B1D52E038009F7771 /* Assets.xcassets */,
				F89EF96D1D52E038009F7771 /* LaunchScreen.storyboard */,
				F89EF9701D52E038009F7771 /* Info.plist */,
				F89EF9761D52E097009F7771 /* Montserrat-Regular.otf */,
			);
			path = ScrollViewBug;
			sourceTree = "<group>";
		};
/* End PBXGroup section */

/* Begin PBXNativeTarget section */
		F89EF9601D52E038009F7771 /* ScrollViewBug */ = {
			isa = PBXNativeTarget;
			buildConfigurationList = F89EF9731D52E038009F7771 /* Build configuration list for PBXNativeTarget "ScrollViewBug" */;
			buildPhases = (
				F89EF95D1D52E038009F7771 /* Sources */,
				F89EF95E1D52E038009F7771 /* Frameworks */,
				F89EF95F1D52E038009F7771 /* Resources */,
			);
			buildRules = (
			);
			dependencies = (
			);
			name = ScrollViewBug;
			productName = ScrollViewBug;
			productReference = F89EF9611D52E038009F7771 /* ScrollViewBug.app */;
			productType = "com.apple.product-type.application";
		};
/* End PBXNativeTarget section */

/* Begin PBXProject section */
		F89EF9591D52E038009F7771 /* Project object */ = {
			isa = PBXProject;
			attributes = {
				LastSwiftUpdateCheck = 0730;
				LastUpgradeCheck = 0730;
				ORGANIZATIONNAME = dooverSoft;
				TargetAttributes = {
					F89EF9601D52E038009F7771 = {
						CreatedOnToolsVersion = 7.3.1;
					};
				};
			};
			buildConfigurationList = F89EF95C1D52E038009F7771 /* Build configuration list for PBXProject "ScrollViewBug" */;
			compatibilityVersion = "Xcode 3.2";
			developmentRegion = English;
			hasScannedForEncodings = 0;
			knownRegions = (
				en,
				Base,
			);
			mainGroup = F89EF9581D52E038009F7771;
			productRefGroup = F89EF9621D52E038009F7771 /* Products */;
			projectDirPath = "";
			projectRoot = "";
			targets = (
				F89EF9601D52E038009F7771 /* ScrollViewBug */,
			);
		};
/* End PBXProject section */

/* Begin PBXResourcesBuildPhase section */
		F89EF95F1D52E038009F7771 /* Resources */ = {
			isa = PBXResourcesBuildPhase;
			buildActionMask = 2147483647;
			files = (
				F89EF96F1D52E038009F7771 /* LaunchScreen.storyboard in Resources */,
				F89EF96C1D52E038009F7771 /* Assets.xcassets in Resources */,
				F89EF96A1D52E038009F7771 /* Main.storyboard in Resources */,
			);
			runOnlyForDeploymentPostprocessing = 0;
		};
/* End PBXResourcesBuildPhase section */

/* Begin PBXSourcesBuildPhase section */
		F89EF95D1D52E038009F7771 /* Sources */ = {
			isa = PBXSourcesBuildPhase;
			buildActionMask = 2147483647;
			files = (
				F89EF9671D52E038009F7771 /* ViewController.swift in Sources */,
				F89EF9651D52E038009F7771 /* AppDelegate.swift in Sources */,
			);
			runOnlyForDeploymentPostprocessing = 0;
		};
/* End PBXSourcesBuildPhase section */

/* Begin PBXVariantGroup section */
		F89EF9681D52E038009F7771 /* Main.storyboard */ = {
			isa = PBXVariantGroup;
			children = (
				F89EF9691D52E038009F7771 /* Base */,
			);
			name = Main.storyboard;
			sourceTree = "<group>";
		};
		F89EF96D1D52E038009F7771 /* LaunchScreen.storyboard */ = {
			isa = PBXVariantGroup;
			children = (
				F89EF96E1D52E038009F7771 /* Base */,
			);
			name = LaunchScreen.storyboard;
			sourceTree = "<group>";
		};
/* End PBXVariantGroup section */

/* Begin XCBuildConfiguration section */
		F89EF9711D52E038009F7771 /* Debug */ = {
			isa = XCBuildConfiguration;
			buildSettings = {
				ALWAYS_SEARCH_USER_PATHS = NO;
				CLANG_ANALYZER_NONNULL = YES;
				CLANG_CXX_LANGUAGE_STANDARD = "gnu++0x";
				CLANG_CXX_LIBRARY = "libc++";
				CLANG_ENABLE_MODULES = YES;
				CLANG_ENABLE_OBJC_ARC = YES;
				CLANG_WARN_BOOL_CONVERSION = YES;
				CLANG_WARN_CONSTANT_CONVERSION = YES;
				CLANG_WARN_DIRECT_OBJC_ISA_USAGE = YES_ERROR;
				CLANG_WARN_EMPTY_BODY = YES;
				CLANG_WARN_ENUM_CONVERSION = YES;
				CLANG_WARN_INT_CONVERSION = YES;
				CLANG_WARN_OBJC_ROOT_CLASS = YES_ERROR;
				CLANG_WARN_UNREACHABLE_CODE = YES;
				CLANG_WARN__DUPLICATE_METHOD_MATCH = YES;
				"CODE_SIGN_IDENTITY[sdk=iphoneos*]" = "iPhone Developer";
				COPY_PHASE_STRIP = NO;
				DEBUG_INFORMATION_FORMAT = dwarf;
				ENABLE_STRICT_OBJC_MSGSEND = YES;
				ENABLE_TESTABILITY = YES;
				GCC_C_LANGUAGE_STANDARD = gnu99;
				GCC_DYNAMIC_NO_PIC = NO;
				GCC_NO_COMMON_BLOCKS = YES;
				GCC_OPTIMIZATION_LEVEL = 0;
				GCC_PREPROCESSOR_DEFINITIONS = (
					"DEBUG=1",
					"$(inherited)",
				);
				GCC_WARN_64_TO_32_BIT_CONVERSION = YES;
				GCC_WARN_ABOUT_RETURN_TYPE = YES_ERROR;
				GCC_WARN_UNDECLARED_SELECTOR = YES;
				GCC_WARN_UNINITIALIZED_AUTOS = YES_AGGRESSIVE;
				GCC_WARN_UNUSED_FUNCTION = YES;
				GCC_WARN_UNUSED_VARIABLE = YES;
				IPHONEOS_DEPLOYMENT_TARGET = 9.3;
				MTL_ENABLE_DEBUG_INFO = YES;
				ONLY_ACTIVE_ARCH = YES;
				SDKROOT = iphoneos;
				SWIFT_OPTIMIZATION_LEVEL = "-Onone";
			};
			name = Debug;
		};
		F89EF9721D52E038009F7771 /* Release */ = {
			isa = XCBuildConfiguration;
			buildSettings = {
				ALWAYS_SEARCH_USER_PATHS = NO;
				CLANG_ANALYZER_NONNULL = YES;
				CLANG_CXX_LANGUAGE_STANDARD = "gnu++0x";
				CLANG_CXX_LIBRARY = "libc++";
				CLANG_ENABLE_MODULES = YES;
				CLANG_ENABLE_OBJC_ARC = YES;
				CLANG_WARN_BOOL_CONVERSION = YES;
				CLANG_WARN_CONSTANT_CONVERSION = YES;
				CLANG_WARN_DIRECT_OBJC_ISA_USAGE = YES_ERROR;
				CLANG_WARN_EMPTY_BODY = YES;
				CLANG_WARN_ENUM_CONVERSION = YES;
				CLANG_WARN_INT_CONVERSION = YES;
				CLANG_WARN_OBJC_ROOT_CLASS = YES_ERROR;
				CLANG_WARN_UNREACHABLE_CODE = YES;
				CLANG_WARN__DUPLICATE_METHOD_MATCH = YES;
				"CODE_SIGN_IDENTITY[sdk=iphoneos*]" = "iPhone Developer";
				COPY_PHASE_STRIP = NO;
				DEBUG_INFORMATION_FORMAT = "dwarf-with-dsym";
				ENABLE_NS_ASSERTIONS = NO;
				ENABLE_STRICT_OBJC_MSGSEND = YES;
				GCC_C_LANGUAGE_STANDARD = gnu99;
				GCC_NO_COMMON_BLOCKS = YES;
				GCC_WARN_64_TO_32_BIT_CONVERSION = YES;
				GCC_WARN_ABOUT_RETURN_TYPE = YES_ERROR;
				GCC_WARN_UNDECLARED_SELECTOR = YES;
				GCC_WARN_UNINITIALIZED_AUTOS = YES_AGGRESSIVE;
				GCC_WARN_UNUSED_FUNCTION = YES;
				GCC_WARN_UNUSED_VARIABLE = YES;
				IPHONEOS_DEPLOYMENT_TARGET = 9.3;
				MTL_ENABLE_DEBUG_INFO = NO;
				SDKROOT = iphoneos;
				VALIDATE_PRODUCT = YES;
			};
			name = Release;
		};
		F89EF9741D52E038009F7771 /* Debug */ = {
			isa = XCBuildConfiguration;
			buildSettings = {
				ASSETCATALOG_COMPILER_APPICON_NAME = AppIcon;
				INFOPLIST_FILE = ScrollViewBug/Info.plist;
				LD_RUNPATH_SEARCH_PATHS = "$(inherited) @executable_path/Frameworks";
				PRODUCT_BUNDLE_IDENTIFIER = com.dooversoft.ScrollViewBug;
				PRODUCT_NAME = "$(TARGET_NAME)";
			};
			name = Debug;
		};
		F89EF9751D52E038009F7771 /* Release */ = {
			isa = XCBuildConfiguration;
			buildSettings = {
				ASSETCATALOG_COMPILER_APPICON_NAME = AppIcon;
				INFOPLIST_FILE = ScrollViewBug/Info.plist;
				LD_RUNPATH_SEARCH_PATHS = "$(inherited) @executable_path/Frameworks";
				PRODUCT_BUNDLE_IDENTIFIER = com.dooversoft.ScrollViewBug;
				PRODUCT_NAME = "$(TARGET_NAME)";
			};
			name = Release;
		};
/* End XCBuildConfiguration section */

/* Begin XCConfigurationList section */
		F89EF95C1D52E038009F7771 /* Build configuration list for PBXProject "ScrollViewBug" */ = {
			isa = XCConfigurationList;
			buildConfigurations = (
				F89EF9711D52E038009F7771 /* Debug */,
				F89EF9721D52E038009F7771 /* Release */,
			);
			defaultConfigurationIsVisible = 0;
			defaultConfigurationName = Release;
		};
		F89EF9731D52E038009F7771 /* Build configuration list for PBXNativeTarget "ScrollViewBug" */ = {
			isa = XCConfigurationList;
			buildConfigurations = (
				F89EF9741D52E038009F7771 /* Debug */,
				F89EF9751D52E038009F7771 /* Release */,
			);
			defaultConfigurationIsVisible = 0;
		};
/* End XCConfigurationList section */
	};
	rootObject = F89EF9591D52E038009F7771 /* Project object */;
}
